{
  "name": "WotanutDiscordPluginsFork",
  "lockfileVersion": 2,
  "requires": true,
  "packages": {
    "": {
      "dependencies": {
        "bd-scss": "^2.0.12",
        "zerespluginlibrary": "^2.0.6"
      }
    },
    "node_modules/anymatch": {
      "version": "3.1.3",
      "license": "ISC",
      "dependencies": {
        "normalize-path": "^3.0.0",
        "picomatch": "^2.0.4"
      },
      "engines": {
        "node": ">= 8"
      }
    },
    "node_modules/autoprefixer": {
      "version": "10.4.13",
      "resolved": "https://registry.npmjs.org/autoprefixer/-/autoprefixer-10.4.13.tgz",
      "integrity": "sha512-49vKpMqcZYsJjwotvt4+h/BCjJVnhGwcLpDt5xkcaOG3eLrG/HUYLagrihYsQ+qrIBgIzX1Rw7a6L8I/ZA1Atg==",
      "funding": [
        {
          "type": "opencollective",
          "url": "https://opencollective.com/postcss/"
        },
        {
          "type": "tidelift",
          "url": "https://tidelift.com/funding/github/npm/autoprefixer"
        }
      ],
      "dependencies": {
        "browserslist": "^4.21.4",
        "caniuse-lite": "^1.0.30001426",
        "fraction.js": "^4.2.0",
        "normalize-range": "^0.1.2",
        "picocolors": "^1.0.0",
        "postcss-value-parser": "^4.2.0"
      },
      "bin": {
        "autoprefixer": "bin/autoprefixer"
      },
      "engines": {
        "node": "^10 || ^12 || >=14"
      },
      "peerDependencies": {
        "postcss": "^8.1.0"
      }
    },
    "node_modules/bd-scss": {
      "version": "2.0.12",
      "resolved": "https://registry.npmjs.org/bd-scss/-/bd-scss-2.0.12.tgz",
      "integrity": "sha512-J3S0IfiWKLZxa0bcSHX4YoJMHTiQzCpqBPVXN/CtzkZStH82iQIHoHNl87LIhDsbp8J5Ez/X8v3VsLcf6hUp8g==",
      "dependencies": {
        "autoprefixer": "^10.4.12",
        "chalk": "^5.0.1",
        "chokidar": "^3.5.3",
        "postcss": "^8.4.16",
        "sade": "^1.8.1",
        "sass": "^1.55.0"
      },
      "bin": {
        "bd-scss": "lib/index.js"
      }
    },
    "node_modules/binary-extensions": {
      "version": "2.2.0",
      "license": "MIT",
      "engines": {
        "node": ">=8"
      }
    },
    "node_modules/braces": {
      "version": "3.0.2",
      "license": "MIT",
      "dependencies": {
        "fill-range": "^7.0.1"
      },
      "engines": {
        "node": ">=8"
      }
    },
    "node_modules/browserslist": {
      "version": "4.21.4",
      "funding": [
        {
          "type": "opencollective",
          "url": "https://opencollective.com/browserslist"
        },
        {
          "type": "tidelift",
          "url": "https://tidelift.com/funding/github/npm/browserslist"
        }
      ],
      "license": "MIT",
      "dependencies": {
        "caniuse-lite": "^1.0.30001400",
        "electron-to-chromium": "^1.4.251",
        "node-releases": "^2.0.6",
        "update-browserslist-db": "^1.0.9"
      },
      "bin": {
        "browserslist": "cli.js"
      },
      "engines": {
        "node": "^6 || ^7 || ^8 || ^9 || ^10 || ^11 || ^12 || >=13.7"
      }
    },
    "node_modules/caniuse-lite": {
      "version": "1.0.30001439",
      "funding": [
        {
          "type": "opencollective",
          "url": "https://opencollective.com/browserslist"
        },
        {
          "type": "tidelift",
          "url": "https://tidelift.com/funding/github/npm/caniuse-lite"
        }
      ],
      "license": "CC-BY-4.0"
    },
    "node_modules/chalk": {
      "version": "5.2.0",
      "license": "MIT",
      "engines": {
        "node": "^12.17.0 || ^14.13 || >=16.0.0"
      },
      "funding": {
        "url": "https://github.com/chalk/chalk?sponsor=1"
      }
    },
    "node_modules/chokidar": {
      "version": "3.5.3",
      "funding": [
        {
          "type": "individual",
          "url": "https://paulmillr.com/funding/"
        }
      ],
      "license": "MIT",
      "dependencies": {
        "anymatch": "~3.1.2",
        "braces": "~3.0.2",
        "glob-parent": "~5.1.2",
        "is-binary-path": "~2.1.0",
        "is-glob": "~4.0.1",
        "normalize-path": "~3.0.0",
        "readdirp": "~3.6.0"
      },
      "engines": {
        "node": ">= 8.10.0"
      },
      "optionalDependencies": {
        "fsevents": "~2.3.2"
      }
    },
    "node_modules/electron-to-chromium": {
      "version": "1.4.284",
      "license": "ISC"
    },
    "node_modules/escalade": {
      "version": "3.1.1",
      "license": "MIT",
      "engines": {
        "node": ">=6"
      }
    },
    "node_modules/fill-range": {
      "version": "7.0.1",
      "license": "MIT",
      "dependencies": {
        "to-regex-range": "^5.0.1"
      },
      "engines": {
        "node": ">=8"
      }
    },
    "node_modules/fraction.js": {
      "version": "4.2.0",
      "license": "MIT",
      "engines": {
        "node": "*"
      },
      "funding": {
        "type": "patreon",
        "url": "https://www.patreon.com/infusion"
      }
    },
    "node_modules/fsevents": {
      "version": "2.3.2",
      "license": "MIT",
      "optional": true,
      "os": [
        "darwin"
      ],
      "engines": {
        "node": "^8.16.0 || ^10.6.0 || >=11.0.0"
      }
    },
    "node_modules/glob-parent": {
      "version": "5.1.2",
      "license": "ISC",
      "dependencies": {
        "is-glob": "^4.0.1"
      },
      "engines": {
        "node": ">= 6"
      }
    },
    "node_modules/immutable": {
      "version": "4.1.0",
      "license": "MIT"
    },
    "node_modules/is-binary-path": {
      "version": "2.1.0",
      "license": "MIT",
      "dependencies": {
        "binary-extensions": "^2.0.0"
      },
      "engines": {
        "node": ">=8"
      }
    },
    "node_modules/is-extglob": {
      "version": "2.1.1",
      "license": "MIT",
      "engines": {
        "node": ">=0.10.0"
      }
    },
    "node_modules/is-glob": {
      "version": "4.0.3",
      "license": "MIT",
      "dependencies": {
        "is-extglob": "^2.1.1"
      },
      "engines": {
        "node": ">=0.10.0"
      }
    },
    "node_modules/is-number": {
      "version": "7.0.0",
      "license": "MIT",
      "engines": {
        "node": ">=0.12.0"
      }
    },
    "node_modules/mri": {
      "version": "1.2.0",
      "license": "MIT",
      "engines": {
        "node": ">=4"
      }
    },
    "node_modules/nanoid": {
      "version": "3.3.4",
      "license": "MIT",
      "bin": {
        "nanoid": "bin/nanoid.cjs"
      },
      "engines": {
        "node": "^10 || ^12 || ^13.7 || ^14 || >=15.0.1"
      }
    },
    "node_modules/node-releases": {
      "version": "2.0.6",
      "license": "MIT"
    },
    "node_modules/normalize-path": {
      "version": "3.0.0",
      "license": "MIT",
      "engines": {
        "node": ">=0.10.0"
      }
    },
    "node_modules/normalize-range": {
      "version": "0.1.2",
      "license": "MIT",
      "engines": {
        "node": ">=0.10.0"
      }
    },
    "node_modules/picocolors": {
      "version": "1.0.0",
      "license": "ISC"
    },
    "node_modules/picomatch": {
      "version": "2.3.1",
      "license": "MIT",
      "engines": {
        "node": ">=8.6"
      },
      "funding": {
        "url": "https://github.com/sponsors/jonschlinkert"
      }
    },
    "node_modules/postcss": {
      "version": "8.4.19",
      "funding": [
        {
          "type": "opencollective",
          "url": "https://opencollective.com/postcss/"
        },
        {
          "type": "tidelift",
          "url": "https://tidelift.com/funding/github/npm/postcss"
        }
      ],
      "license": "MIT",
      "dependencies": {
        "nanoid": "^3.3.4",
        "picocolors": "^1.0.0",
        "source-map-js": "^1.0.2"
      },
      "engines": {
        "node": "^10 || ^12 || >=14"
      }
    },
    "node_modules/postcss-value-parser": {
      "version": "4.2.0",
      "license": "MIT"
    },
    "node_modules/readdirp": {
      "version": "3.6.0",
      "license": "MIT",
      "dependencies": {
        "picomatch": "^2.2.1"
      },
      "engines": {
        "node": ">=8.10.0"
      }
    },
    "node_modules/sade": {
      "version": "1.8.1",
      "license": "MIT",
      "dependencies": {
        "mri": "^1.1.0"
      },
      "engines": {
        "node": ">=6"
      }
    },
    "node_modules/sass": {
      "version": "1.56.2",
      "resolved": "https://registry.npmjs.org/sass/-/sass-1.56.2.tgz",
      "integrity": "sha512-ciEJhnyCRwzlBCB+h5cCPM6ie/6f8HrhZMQOf5vlU60Y1bI1rx5Zb0vlDZvaycHsg/MqFfF1Eq2eokAa32iw8w==",
      "dependencies": {
        "chokidar": ">=3.0.0 <4.0.0",
        "immutable": "^4.0.0",
        "source-map-js": ">=0.6.2 <2.0.0"
      },
      "bin": {
        "sass": "sass.js"
      },
      "engines": {
        "node": ">=12.0.0"
      }
    },
    "node_modules/source-map-js": {
      "version": "1.0.2",
      "license": "BSD-3-Clause",
      "engines": {
        "node": ">=0.10.0"
      }
    },
    "node_modules/to-regex-range": {
      "version": "5.0.1",
      "license": "MIT",
      "dependencies": {
        "is-number": "^7.0.0"
      },
      "engines": {
        "node": ">=8.0"
      }
    },
    "node_modules/update-browserslist-db": {
      "version": "1.0.10",
      "funding": [
        {
          "type": "opencollective",
          "url": "https://opencollective.com/browserslist"
        },
        {
          "type": "tidelift",
          "url": "https://tidelift.com/funding/github/npm/browserslist"
        }
      ],
      "license": "MIT",
      "dependencies": {
        "escalade": "^3.1.1",
        "picocolors": "^1.0.0"
      },
      "bin": {
        "browserslist-lint": "cli.js"
      },
      "peerDependencies": {
        "browserslist": ">= 4.21.0"
      }
    },
    "node_modules/zerespluginlibrary": {
      "version": "2.0.6",
      "resolved": "https://registry.npmjs.org/zerespluginlibrary/-/zerespluginlibrary-2.0.6.tgz",
      "integrity": "sha512-xFJGAKWWHVhCPCX6Qq1tsVJzOzTHRF7xnz2bu+3DKGaXsNCP7hPxy0LJ3mXtHLeSlH3v9ARZ0kzDs4cj5bCVnw==",
      "bin": {
        "zpl": "bin/zpl.js"
      }
    }
  },
  "dependencies": {
    "anymatch": {
      "version": "3.1.3",
      "requires": {
        "normalize-path": "^3.0.0",
        "picomatch": "^2.0.4"
      }
    },
    "autoprefixer": {
      "version": "10.4.13",
      "resolved": "https://registry.npmjs.org/autoprefixer/-/autoprefixer-10.4.13.tgz",
      "integrity": "sha512-49vKpMqcZYsJjwotvt4+h/BCjJVnhGwcLpDt5xkcaOG3eLrG/HUYLagrihYsQ+qrIBgIzX1Rw7a6L8I/ZA1Atg==",
      "requires": {
        "browserslist": "^4.21.4",
        "caniuse-lite": "^1.0.30001426",
        "fraction.js": "^4.2.0",
        "normalize-range": "^0.1.2",
        "picocolors": "^1.0.0",
        "postcss-value-parser": "^4.2.0"
      }
    },
    "bd-scss": {
      "version": "2.0.12",
      "resolved": "https://registry.npmjs.org/bd-scss/-/bd-scss-2.0.12.tgz",
      "integrity": "sha512-J3S0IfiWKLZxa0bcSHX4YoJMHTiQzCpqBPVXN/CtzkZStH82iQIHoHNl87LIhDsbp8J5Ez/X8v3VsLcf6hUp8g==",
      "requires": {
        "autoprefixer": "^10.4.12",
        "chalk": "^5.0.1",
        "chokidar": "^3.5.3",
        "postcss": "^8.4.16",
        "sade": "^1.8.1",
        "sass": "^1.55.0"
      }
    },
    "binary-extensions": {
      "version": "2.2.0"
    },
    "braces": {
      "version": "3.0.2",
      "requires": {
        "fill-range": "^7.0.1"
      }
    },
    "browserslist": {
      "version": "4.21.4",
      "requires": {
        "caniuse-lite": "^1.0.30001400",
        "electron-to-chromium": "^1.4.251",
        "node-releases": "^2.0.6",
        "update-browserslist-db": "^1.0.9"
      }
    },
    "caniuse-lite": {
      "version": "1.0.30001439"
    },
    "chalk": {
      "version": "5.2.0"
    },
    "chokidar": {
      "version": "3.5.3",
      "requires": {
        "anymatch": "~3.1.2",
        "braces": "~3.0.2",
        "fsevents": "~2.3.2",
        "glob-parent": "~5.1.2",
        "is-binary-path": "~2.1.0",
        "is-glob": "~4.0.1",
        "normalize-path": "~3.0.0",
        "readdirp": "~3.6.0"
      }
    },
    "electron-to-chromium": {
      "version": "1.4.284"
    },
    "escalade": {
      "version": "3.1.1"
    },
    "fill-range": {
      "version": "7.0.1",
      "requires": {
        "to-regex-range": "^5.0.1"
      }
    },
    "fraction.js": {
      "version": "4.2.0"
    },
    "fsevents": {
      "version": "2.3.2",
      "optional": true
    },
    "glob-parent": {
      "version": "5.1.2",
      "requires": {
        "is-glob": "^4.0.1"
      }
    },
    "immutable": {
      "version": "4.1.0"
    },
    "is-binary-path": {
      "version": "2.1.0",
      "requires": {
        "binary-extensions": "^2.0.0"
      }
    },
    "is-extglob": {
      "version": "2.1.1"
    },
    "is-glob": {
      "version": "4.0.3",
      "requires": {
        "is-extglob": "^2.1.1"
      }
    },
    "is-number": {
      "version": "7.0.0"
    },
    "mri": {
      "version": "1.2.0"
    },
    "nanoid": {
      "version": "3.3.4"
    },
    "node-releases": {
      "version": "2.0.6"
    },
    "normalize-path": {
      "version": "3.0.0"
    },
    "normalize-range": {
      "version": "0.1.2"
    },
    "picocolors": {
      "version": "1.0.0"
    },
    "picomatch": {
      "version": "2.3.1"
    },
    "postcss": {
      "version": "8.4.19",
      "requires": {
        "nanoid": "^3.3.4",
        "picocolors": "^1.0.0",
        "source-map-js": "^1.0.2"
      }
    },
    "postcss-value-parser": {
      "version": "4.2.0"
    },
    "readdirp": {
      "version": "3.6.0",
      "requires": {
        "picomatch": "^2.2.1"
      }
    },
    "sade": {
      "version": "1.8.1",
      "requires": {
        "mri": "^1.1.0"
      }
    },
    "sass": {
      "version": "1.56.2",
      "resolved": "https://registry.npmjs.org/sass/-/sass-1.56.2.tgz",
      "integrity": "sha512-ciEJhnyCRwzlBCB+h5cCPM6ie/6f8HrhZMQOf5vlU60Y1bI1rx5Zb0vlDZvaycHsg/MqFfF1Eq2eokAa32iw8w==",
      "requires": {
        "chokidar": ">=3.0.0 <4.0.0",
        "immutable": "^4.0.0",
        "source-map-js": ">=0.6.2 <2.0.0"
      }
    },
    "source-map-js": {
      "version": "1.0.2"
    },
    "to-regex-range": {
      "version": "5.0.1",
      "requires": {
        "is-number": "^7.0.0"
      }
    },
    "update-browserslist-db": {
      "version": "1.0.10",
      "requires": {
        "escalade": "^3.1.1",
        "picocolors": "^1.0.0"
      }
    },
    "zerespluginlibrary": {
      "version": "2.0.6",
      "resolved": "https://registry.npmjs.org/zerespluginlibrary/-/zerespluginlibrary-2.0.6.tgz",
      "integrity": "sha512-xFJGAKWWHVhCPCX6Qq1tsVJzOzTHRF7xnz2bu+3DKGaXsNCP7hPxy0LJ3mXtHLeSlH3v9ARZ0kzDs4cj5bCVnw=="
    }
  }
}
