{
  "name": "bettericons",
  "version": "1.0.0",
  "lockfileVersion": 2,
  "requires": true,
  "packages": {
    "": {
      "name": "bettericons",
      "version": "1.0.0",
      "license": "ISC",
      "dependencies": {
        "zerespluginlibrary": "^2.0.6"
      }
    },
    "node_modules/zerespluginlibrary": {
      "version": "2.0.6",
      "resolved": "https://registry.npmjs.org/zerespluginlibrary/-/zerespluginlibrary-2.0.6.tgz",
      "integrity": "sha512-xFJGAKWWHVhCPCX6Qq1tsVJzOzTHRF7xnz2bu+3DKGaXsNCP7hPxy0LJ3mXtHLeSlH3v9ARZ0kzDs4cj5bCVnw==",
      "bin": {
        "zpl": "bin/zpl.js"
      }
    }
  },
  "dependencies": {
    "zerespluginlibrary": {
      "version": "2.0.6",
      "resolved": "https://registry.npmjs.org/zerespluginlibrary/-/zerespluginlibrary-2.0.6.tgz",
      "integrity": "sha512-xFJGAKWWHVhCPCX6Qq1tsVJzOzTHRF7xnz2bu+3DKGaXsNCP7hPxy0LJ3mXtHLeSlH3v9ARZ0kzDs4cj5bCVnw=="
    }
  }
}
